// !$*UTF8*$!
{
	archiveVersion = 1;
	classes = {
	};
	objectVersion = 54;
	objects = {

/* Begin PBXBuildFile section */
		0C80B921A6F3F58F76C31292 /* libPods-DevDeckApp.a in Frameworks */ = {isa = PBXBuildFile; fileRef = 5DCACB8F33CDC322A6C60F78 /* libPods-DevDeckApp.a */; };
		13B07FBF1A68108700A75B9A /* Images.xcassets in Resources */ = {isa = PBXBuildFile; fileRef = 13B07FB51A68108700A75B9A /* Images.xcassets */; };
		761780ED2CA45674006654EE /* AppDelegate.swift in Sources */ = {isa = PBXBuildFile; fileRef = 761780EC2CA45674006654EE /* AppDelegate.swift */; };
		81AB9BB82411601600AC10FF /* LaunchScreen.storyboard in Resources */ = {isa = PBXBuildFile; fileRef = 81AB9BB72411601600AC10FF /* LaunchScreen.storyboard */; };
		6E9364DCF28A475385268F50 /* JetBrainsMono-Thin.ttf in Resources */ = {isa = PBXBuildFile; fileRef = 8C27CE0B9D3B4B94B9136FBB /* JetBrainsMono-Thin.ttf */; };
		44A709AAD9B648088BB6DF95 /* JetBrainsMono-Bold.ttf in Resources */ = {isa = PBXBuildFile; fileRef = DD88BC79E95248D298AB2F17 /* JetBrainsMono-Bold.ttf */; };
		2EBC4207543848FEBA59504D /* JetBrainsMono-Italic.ttf in Resources */ = {isa = PBXBuildFile; fileRef = 51BB63D39ACB45D982E8EF2C /* JetBrainsMono-Italic.ttf */; };
		729589E4A67B410581BB6F4B /* JetBrainsMono-LightItalic.ttf in Resources */ = {isa = PBXBuildFile; fileRef = BEAC37C443D84256BCFBB318 /* JetBrainsMono-LightItalic.ttf */; };
		22F5A179D44E41E392DE3E26 /* JetBrainsMono-Regular.ttf in Resources */ = {isa = PBXBuildFile; fileRef = 9F512D933E7E44A2AFF0EA5F /* JetBrainsMono-Regular.ttf */; };
		91D03997E88D4A60ACD61DFC /* JetBrainsMono-ExtraLightItalic.ttf in Resources */ = {isa = PBXBuildFile; fileRef = 1D1891B50D764B5DB0F80D3F /* JetBrainsMono-ExtraLightItalic.ttf */; };
		98A814DEA08C4A2EA19EF16C /* JetBrainsMono-SemiBoldItalic.ttf in Resources */ = {isa = PBXBuildFile; fileRef = A18D155B0D8B4B65994FE225 /* JetBrainsMono-SemiBoldItalic.ttf */; };
		B58FD16B03AB41B7858AC4D0 /* JetBrainsMono-Light.ttf in Resources */ = {isa = PBXBuildFile; fileRef = D90A1318BD6A42019188AD18 /* JetBrainsMono-Light.ttf */; };
		3A96A2E2E7444505BEC227B4 /* JetBrainsMono-MediumItalic.ttf in Resources */ = {isa = PBXBuildFile; fileRef = 59FE45972FFA49EAA14ACD7D /* JetBrainsMono-MediumItalic.ttf */; };
		D15CA01A343E4E44A35D23DB /* JetBrainsMono-ExtraBold.ttf in Resources */ = {isa = PBXBuildFile; fileRef = BD88013821204B7A820B8CA7 /* JetBrainsMono-ExtraBold.ttf */; };
		2C3F9805EF154E7DBD67597F /* JetBrainsMono-SemiBold.ttf in Resources */ = {isa = PBXBuildFile; fileRef = EEFA16C438144066ABBC0536 /* JetBrainsMono-SemiBold.ttf */; };
		20E6DFC8C2F84318B281801D /* JetBrainsMono-ExtraBoldItalic.ttf in Resources */ = {isa = PBXBuildFile; fileRef = 1ABF633104664EFB84661BA6 /* JetBrainsMono-ExtraBoldItalic.ttf */; };
		6EE3407D0B3B44C38E59DC14 /* JetBrainsMono-ThinItalic.ttf in Resources */ = {isa = PBXBuildFile; fileRef = 1E7006FD45E54F459C612057 /* JetBrainsMono-ThinItalic.ttf */; };
		D4404AF8036B4A11ABC50C2B /* JetBrainsMono-ExtraLight.ttf in Resources */ = {isa = PBXBuildFile; fileRef = A7AA3DDF61C74A75B5D1E634 /* JetBrainsMono-ExtraLight.ttf */; };
		B4420386232A48BBBA9F2763 /* JetBrainsMono-Medium.ttf in Resources */ = {isa = PBXBuildFile; fileRef = E8041BE5FA304A4390C83595 /* JetBrainsMono-Medium.ttf */; };
		4B5EE35829DE487AA8522158 /* JetBrainsMono-BoldItalic.ttf in Resources */ = {isa = PBXBuildFile; fileRef = 84CF74B9F9C14AE6BD6417E5 /* JetBrainsMono-BoldItalic.ttf */; };
		813DFBA011C149799ECBF592 /* ._Geist-UltraLight.ttf in Resources */ = {isa = PBXBuildFile; fileRef = DF1C416F51C643F2A7FEF29B /* ._Geist-UltraLight.ttf */; };
		DD640C491DE741F8A4B90343 /* Geist-Regular.ttf in Resources */ = {isa = PBXBuildFile; fileRef = BA568B3EA25642D89F348F52 /* Geist-Regular.ttf */; };
		09781868D8C847ECBFFE44A2 /* ._Geist-Thin.ttf in Resources */ = {isa = PBXBuildFile; fileRef = D48AE9CE7A244260877D78ED /* ._Geist-Thin.ttf */; };
		FB55CA56199E45EA82A0289B /* ._Geist-Bold.ttf in Resources */ = {isa = PBXBuildFile; fileRef = 39A4FB2A8E8742D7898F7AA5 /* ._Geist-Bold.ttf */; };
		E0E6A35872B74DD89D6EC606 /* Geist-Black.ttf in Resources */ = {isa = PBXBuildFile; fileRef = E4EC92F0AA6147BFB3925EE6 /* Geist-Black.ttf */; };
		DC179F9A5F694709B54E1FE6 /* ._Geist-Regular.ttf in Resources */ = {isa = PBXBuildFile; fileRef = 078DFB3B116642D881293D46 /* ._Geist-Regular.ttf */; };
		CF9670DA6FAD45DF864251CB /* ._GeistVF.ttf in Resources */ = {isa = PBXBuildFile; fileRef = 703B32089757440698C7C669 /* ._GeistVF.ttf */; };
		FC6565EF9B2D419890DC70FB /* Geist-Bold.ttf in Resources */ = {isa = PBXBuildFile; fileRef = C4C9210A6C194348BA1956A0 /* Geist-Bold.ttf */; };
		314BC54EBD13496D85E64E82 /* ._Geist-Medium.ttf in Resources */ = {isa = PBXBuildFile; fileRef = 103C75CBE1154EFFBF76CA13 /* ._Geist-Medium.ttf */; };
		C3BAEBBB878740719B43BAE1 /* ._Geist-Light.ttf in Resources */ = {isa = PBXBuildFile; fileRef = 1A943C7C9A2F4B45B356F168 /* ._Geist-Light.ttf */; };
		862DFCDC40CB44E4813892C9 /* ._Geist-SemiBold.ttf in Resources */ = {isa = PBXBuildFile; fileRef = C8736DF3FF624B029A5A1A42 /* ._Geist-SemiBold.ttf */; };
		B14E03EF2DC64D1B9481FCBF /* Geist-UltraLight.ttf in Resources */ = {isa = PBXBuildFile; fileRef = DFF0155BA068433BAB44972C /* Geist-UltraLight.ttf */; };
		AC5108D379C04BBF91F36FDB /* Geist-Thin.ttf in Resources */ = {isa = PBXBuildFile; fileRef = 4DBE1B19669B4085B71D3501 /* Geist-Thin.ttf */; };
		C347048716FB483A97B9CECD /* Geist-Medium.ttf in Resources */ = {isa = PBXBuildFile; fileRef = 10985EB63AFE4A70A76C97E1 /* Geist-Medium.ttf */; };
		E785F143E7914ACC9D73CE52 /* GeistVF.ttf in Resources */ = {isa = PBXBuildFile; fileRef = 1FBC3E75E18C4B4CBC4135FB /* GeistVF.ttf */; };
		4AE2E0C10E184A3F83AFFA10 /* Geist-UltraBlack.ttf in Resources */ = {isa = PBXBuildFile; fileRef = BD11223165EE4B56B069452C /* Geist-UltraBlack.ttf */; };
		3DEBB7D4AC9D4C1693048FD5 /* ._Geist-Black.ttf in Resources */ = {isa = PBXBuildFile; fileRef = E0662DBC2DEC4A47AA5D7F80 /* ._Geist-Black.ttf */; };
		1FDACA8D40BE4D3B814D1286 /* Geist-Light.ttf in Resources */ = {isa = PBXBuildFile; fileRef = 44C135C5E693492EAE197558 /* Geist-Light.ttf */; };
		F07D5D3B718A433BB7453E75 /* Geist-SemiBold.ttf in Resources */ = {isa = PBXBuildFile; fileRef = 92A90184A07A4939A7772E39 /* Geist-SemiBold.ttf */; };
		D92AF2AEC6004BF781DCBEAB /* ._Geist-UltraBlack.ttf in Resources */ = {isa = PBXBuildFile; fileRef = 318787611C0D419993FFFBF0 /* ._Geist-UltraBlack.ttf */; };
/* End PBXBuildFile section */

/* Begin PBXFileReference section */
		13B07F961A680F5B00A75B9A /* DevDeckApp.app */ = {isa = PBXFileReference; explicitFileType = wrapper.application; includeInIndex = 0; path = DevDeckApp.app; sourceTree = BUILT_PRODUCTS_DIR; };
		13B07FB51A68108700A75B9A /* Images.xcassets */ = {isa = PBXFileReference; lastKnownFileType = folder.assetcatalog; name = Images.xcassets; path = DevDeckApp/Images.xcassets; sourceTree = "<group>"; };
		13B07FB61A68108700A75B9A /* Info.plist */ = {isa = PBXFileReference; fileEncoding = 4; lastKnownFileType = text.plist.xml; name = Info.plist; path = DevDeckApp/Info.plist; sourceTree = "<group>"; };
		13B07FB81A68108700A75B9A /* PrivacyInfo.xcprivacy */ = {isa = PBXFileReference; fileEncoding = 4; lastKnownFileType = text.plist.xml; name = PrivacyInfo.xcprivacy; path = DevDeckApp/PrivacyInfo.xcprivacy; sourceTree = "<group>"; };
		3B4392A12AC88292D35C810B /* Pods-DevDeckApp.debug.xcconfig */ = {isa = PBXFileReference; includeInIndex = 1; lastKnownFileType = text.xcconfig; name = "Pods-DevDeckApp.debug.xcconfig"; path = "Target Support Files/Pods-DevDeckApp/Pods-DevDeckApp.debug.xcconfig"; sourceTree = "<group>"; };
		5709B34CF0A7D63546082F79 /* Pods-DevDeckApp.release.xcconfig */ = {isa = PBXFileReference; includeInIndex = 1; lastKnownFileType = text.xcconfig; name = "Pods-DevDeckApp.release.xcconfig"; path = "Target Support Files/Pods-DevDeckApp/Pods-DevDeckApp.release.xcconfig"; sourceTree = "<group>"; };
		5DCACB8F33CDC322A6C60F78 /* libPods-DevDeckApp.a */ = {isa = PBXFileReference; explicitFileType = archive.ar; includeInIndex = 0; path = "libPods-DevDeckApp.a"; sourceTree = BUILT_PRODUCTS_DIR; };
		761780EC2CA45674006654EE /* AppDelegate.swift */ = {isa = PBXFileReference; lastKnownFileType = sourcecode.swift; name = AppDelegate.swift; path = DevDeckApp/AppDelegate.swift; sourceTree = "<group>"; };
		81AB9BB72411601600AC10FF /* LaunchScreen.storyboard */ = {isa = PBXFileReference; fileEncoding = 4; lastKnownFileType = file.storyboard; name = LaunchScreen.storyboard; path = DevDeckApp/LaunchScreen.storyboard; sourceTree = "<group>"; };
		ED297162215061F000B7C4FE /* JavaScriptCore.framework */ = {isa = PBXFileReference; lastKnownFileType = wrapper.framework; name = JavaScriptCore.framework; path = System/Library/Frameworks/JavaScriptCore.framework; sourceTree = SDKROOT; };
		8C27CE0B9D3B4B94B9136FBB /* JetBrainsMono-Thin.ttf */ = {isa = PBXFileReference; name = "JetBrainsMono-Thin.ttf"; path = "../src/assets/Fonts/JetBrainsMono-Thin.ttf"; sourceTree = "<group>"; fileEncoding = undefined; lastKnownFileType = unknown; explicitFileType = undefined; includeInIndex = 0; };
		DD88BC79E95248D298AB2F17 /* JetBrainsMono-Bold.ttf */ = {isa = PBXFileReference; name = "JetBrainsMono-Bold.ttf"; path = "../src/assets/Fonts/JetBrainsMono-Bold.ttf"; sourceTree = "<group>"; fileEncoding = undefined; lastKnownFileType = unknown; explicitFileType = undefined; includeInIndex = 0; };
		51BB63D39ACB45D982E8EF2C /* JetBrainsMono-Italic.ttf */ = {isa = PBXFileReference; name = "JetBrainsMono-Italic.ttf"; path = "../src/assets/Fonts/JetBrainsMono-Italic.ttf"; sourceTree = "<group>"; fileEncoding = undefined; lastKnownFileType = unknown; explicitFileType = undefined; includeInIndex = 0; };
		BEAC37C443D84256BCFBB318 /* JetBrainsMono-LightItalic.ttf */ = {isa = PBXFileReference; name = "JetBrainsMono-LightItalic.ttf"; path = "../src/assets/Fonts/JetBrainsMono-LightItalic.ttf"; sourceTree = "<group>"; fileEncoding = undefined; lastKnownFileType = unknown; explicitFileType = undefined; includeInIndex = 0; };
		9F512D933E7E44A2AFF0EA5F /* JetBrainsMono-Regular.ttf */ = {isa = PBXFileReference; name = "JetBrainsMono-Regular.ttf"; path = "../src/assets/Fonts/JetBrainsMono-Regular.ttf"; sourceTree = "<group>"; fileEncoding = undefined; lastKnownFileType = unknown; explicitFileType = undefined; includeInIndex = 0; };
		1D1891B50D764B5DB0F80D3F /* JetBrainsMono-ExtraLightItalic.ttf */ = {isa = PBXFileReference; name = "JetBrainsMono-ExtraLightItalic.ttf"; path = "../src/assets/Fonts/JetBrainsMono-ExtraLightItalic.ttf"; sourceTree = "<group>"; fileEncoding = undefined; lastKnownFileType = unknown; explicitFileType = undefined; includeInIndex = 0; };
		A18D155B0D8B4B65994FE225 /* JetBrainsMono-SemiBoldItalic.ttf */ = {isa = PBXFileReference; name = "JetBrainsMono-SemiBoldItalic.ttf"; path = "../src/assets/Fonts/JetBrainsMono-SemiBoldItalic.ttf"; sourceTree = "<group>"; fileEncoding = undefined; lastKnownFileType = unknown; explicitFileType = undefined; includeInIndex = 0; };
		D90A1318BD6A42019188AD18 /* JetBrainsMono-Light.ttf */ = {isa = PBXFileReference; name = "JetBrainsMono-Light.ttf"; path = "../src/assets/Fonts/JetBrainsMono-Light.ttf"; sourceTree = "<group>"; fileEncoding = undefined; lastKnownFileType = unknown; explicitFileType = undefined; includeInIndex = 0; };
		59FE45972FFA49EAA14ACD7D /* JetBrainsMono-MediumItalic.ttf */ = {isa = PBXFileReference; name = "JetBrainsMono-MediumItalic.ttf"; path = "../src/assets/Fonts/JetBrainsMono-MediumItalic.ttf"; sourceTree = "<group>"; fileEncoding = undefined; lastKnownFileType = unknown; explicitFileType = undefined; includeInIndex = 0; };
		BD88013821204B7A820B8CA7 /* JetBrainsMono-ExtraBold.ttf */ = {isa = PBXFileReference; name = "JetBrainsMono-ExtraBold.ttf"; path = "../src/assets/Fonts/JetBrainsMono-ExtraBold.ttf"; sourceTree = "<group>"; fileEncoding = undefined; lastKnownFileType = unknown; explicitFileType = undefined; includeInIndex = 0; };
		EEFA16C438144066ABBC0536 /* JetBrainsMono-SemiBold.ttf */ = {isa = PBXFileReference; name = "JetBrainsMono-SemiBold.ttf"; path = "../src/assets/Fonts/JetBrainsMono-SemiBold.ttf"; sourceTree = "<group>"; fileEncoding = undefined; lastKnownFileType = unknown; explicitFileType = undefined; includeInIndex = 0; };
		1ABF633104664EFB84661BA6 /* JetBrainsMono-ExtraBoldItalic.ttf */ = {isa = PBXFileReference; name = "JetBrainsMono-ExtraBoldItalic.ttf"; path = "../src/assets/Fonts/JetBrainsMono-ExtraBoldItalic.ttf"; sourceTree = "<group>"; fileEncoding = undefined; lastKnownFileType = unknown; explicitFileType = undefined; includeInIndex = 0; };
		1E7006FD45E54F459C612057 /* JetBrainsMono-ThinItalic.ttf */ = {isa = PBXFileReference; name = "JetBrainsMono-ThinItalic.ttf"; path = "../src/assets/Fonts/JetBrainsMono-ThinItalic.ttf"; sourceTree = "<group>"; fileEncoding = undefined; lastKnownFileType = unknown; explicitFileType = undefined; includeInIndex = 0; };
		A7AA3DDF61C74A75B5D1E634 /* JetBrainsMono-ExtraLight.ttf */ = {isa = PBXFileReference; name = "JetBrainsMono-ExtraLight.ttf"; path = "../src/assets/Fonts/JetBrainsMono-ExtraLight.ttf"; sourceTree = "<group>"; fileEncoding = undefined; lastKnownFileType = unknown; explicitFileType = undefined; includeInIndex = 0; };
		E8041BE5FA304A4390C83595 /* JetBrainsMono-Medium.ttf */ = {isa = PBXFileReference; name = "JetBrainsMono-Medium.ttf"; path = "../src/assets/Fonts/JetBrainsMono-Medium.ttf"; sourceTree = "<group>"; fileEncoding = undefined; lastKnownFileType = unknown; explicitFileType = undefined; includeInIndex = 0; };
		84CF74B9F9C14AE6BD6417E5 /* JetBrainsMono-BoldItalic.ttf */ = {isa = PBXFileReference; name = "JetBrainsMono-BoldItalic.ttf"; path = "../src/assets/Fonts/JetBrainsMono-BoldItalic.ttf"; sourceTree = "<group>"; fileEncoding = undefined; lastKnownFileType = unknown; explicitFileType = undefined; includeInIndex = 0; };
		DF1C416F51C643F2A7FEF29B /* ._Geist-UltraLight.ttf */ = {isa = PBXFileReference; name = "._Geist-UltraLight.ttf"; path = "../src/assets/Fonts/._Geist-UltraLight.ttf"; sourceTree = "<group>"; fileEncoding = undefined; lastKnownFileType = unknown; explicitFileType = undefined; includeInIndex = 0; };
		BA568B3EA25642D89F348F52 /* Geist-Regular.ttf */ = {isa = PBXFileReference; name = "Geist-Regular.ttf"; path = "../src/assets/Fonts/Geist-Regular.ttf"; sourceTree = "<group>"; fileEncoding = undefined; lastKnownFileType = unknown; explicitFileType = undefined; includeInIndex = 0; };
		D48AE9CE7A244260877D78ED /* ._Geist-Thin.ttf */ = {isa = PBXFileReference; name = "._Geist-Thin.ttf"; path = "../src/assets/Fonts/._Geist-Thin.ttf"; sourceTree = "<group>"; fileEncoding = undefined; lastKnownFileType = unknown; explicitFileType = undefined; includeInIndex = 0; };
		39A4FB2A8E8742D7898F7AA5 /* ._Geist-Bold.ttf */ = {isa = PBXFileReference; name = "._Geist-Bold.ttf"; path = "../src/assets/Fonts/._Geist-Bold.ttf"; sourceTree = "<group>"; fileEncoding = undefined; lastKnownFileType = unknown; explicitFileType = undefined; includeInIndex = 0; };
		E4EC92F0AA6147BFB3925EE6 /* Geist-Black.ttf */ = {isa = PBXFileReference; name = "Geist-Black.ttf"; path = "../src/assets/Fonts/Geist-Black.ttf"; sourceTree = "<group>"; fileEncoding = undefined; lastKnownFileType = unknown; explicitFileType = undefined; includeInIndex = 0; };
		078DFB3B116642D881293D46 /* ._Geist-Regular.ttf */ = {isa = PBXFileReference; name = "._Geist-Regular.ttf"; path = "../src/assets/Fonts/._Geist-Regular.ttf"; sourceTree = "<group>"; fileEncoding = undefined; lastKnownFileType = unknown; explicitFileType = undefined; includeInIndex = 0; };
		703B32089757440698C7C669 /* ._GeistVF.ttf */ = {isa = PBXFileReference; name = "._GeistVF.ttf"; path = "../src/assets/Fonts/._GeistVF.ttf"; sourceTree = "<group>"; fileEncoding = undefined; lastKnownFileType = unknown; explicitFileType = undefined; includeInIndex = 0; };
		C4C9210A6C194348BA1956A0 /* Geist-Bold.ttf */ = {isa = PBXFileReference; name = "Geist-Bold.ttf"; path = "../src/assets/Fonts/Geist-Bold.ttf"; sourceTree = "<group>"; fileEncoding = undefined; lastKnownFileType = unknown; explicitFileType = undefined; includeInIndex = 0; };
		103C75CBE1154EFFBF76CA13 /* ._Geist-Medium.ttf */ = {isa = PBXFileReference; name = "._Geist-Medium.ttf"; path = "../src/assets/Fonts/._Geist-Medium.ttf"; sourceTree = "<group>"; fileEncoding = undefined; lastKnownFileType = unknown; explicitFileType = undefined; includeInIndex = 0; };
		1A943C7C9A2F4B45B356F168 /* ._Geist-Light.ttf */ = {isa = PBXFileReference; name = "._Geist-Light.ttf"; path = "../src/assets/Fonts/._Geist-Light.ttf"; sourceTree = "<group>"; fileEncoding = undefined; lastKnownFileType = unknown; explicitFileType = undefined; includeInIndex = 0; };
		C8736DF3FF624B029A5A1A42 /* ._Geist-SemiBold.ttf */ = {isa = PBXFileReference; name = "._Geist-SemiBold.ttf"; path = "../src/assets/Fonts/._Geist-SemiBold.ttf"; sourceTree = "<group>"; fileEncoding = undefined; lastKnownFileType = unknown; explicitFileType = undefined; includeInIndex = 0; };
		DFF0155BA068433BAB44972C /* Geist-UltraLight.ttf */ = {isa = PBXFileReference; name = "Geist-UltraLight.ttf"; path = "../src/assets/Fonts/Geist-UltraLight.ttf"; sourceTree = "<group>"; fileEncoding = undefined; lastKnownFileType = unknown; explicitFileType = undefined; includeInIndex = 0; };
		4DBE1B19669B4085B71D3501 /* Geist-Thin.ttf */ = {isa = PBXFileReference; name = "Geist-Thin.ttf"; path = "../src/assets/Fonts/Geist-Thin.ttf"; sourceTree = "<group>"; fileEncoding = undefined; lastKnownFileType = unknown; explicitFileType = undefined; includeInIndex = 0; };
		10985EB63AFE4A70A76C97E1 /* Geist-Medium.ttf */ = {isa = PBXFileReference; name = "Geist-Medium.ttf"; path = "../src/assets/Fonts/Geist-Medium.ttf"; sourceTree = "<group>"; fileEncoding = undefined; lastKnownFileType = unknown; explicitFileType = undefined; includeInIndex = 0; };
		1FBC3E75E18C4B4CBC4135FB /* GeistVF.ttf */ = {isa = PBXFileReference; name = "GeistVF.ttf"; path = "../src/assets/Fonts/GeistVF.ttf"; sourceTree = "<group>"; fileEncoding = undefined; lastKnownFileType = unknown; explicitFileType = undefined; includeInIndex = 0; };
		BD11223165EE4B56B069452C /* Geist-UltraBlack.ttf */ = {isa = PBXFileReference; name = "Geist-UltraBlack.ttf"; path = "../src/assets/Fonts/Geist-UltraBlack.ttf"; sourceTree = "<group>"; fileEncoding = undefined; lastKnownFileType = unknown; explicitFileType = undefined; includeInIndex = 0; };
		E0662DBC2DEC4A47AA5D7F80 /* ._Geist-Black.ttf */ = {isa = PBXFileReference; name = "._Geist-Black.ttf"; path = "../src/assets/Fonts/._Geist-Black.ttf"; sourceTree = "<group>"; fileEncoding = undefined; lastKnownFileType = unknown; explicitFileType = undefined; includeInIndex = 0; };
		44C135C5E693492EAE197558 /* Geist-Light.ttf */ = {isa = PBXFileReference; name = "Geist-Light.ttf"; path = "../src/assets/Fonts/Geist-Light.ttf"; sourceTree = "<group>"; fileEncoding = undefined; lastKnownFileType = unknown; explicitFileType = undefined; includeInIndex = 0; };
		92A90184A07A4939A7772E39 /* Geist-SemiBold.ttf */ = {isa = PBXFileReference; name = "Geist-SemiBold.ttf"; path = "../src/assets/Fonts/Geist-SemiBold.ttf"; sourceTree = "<group>"; fileEncoding = undefined; lastKnownFileType = unknown; explicitFileType = undefined; includeInIndex = 0; };
		318787611C0D419993FFFBF0 /* ._Geist-UltraBlack.ttf */ = {isa = PBXFileReference; name = "._Geist-UltraBlack.ttf"; path = "../src/assets/Fonts/._Geist-UltraBlack.ttf"; sourceTree = "<group>"; fileEncoding = undefined; lastKnownFileType = unknown; explicitFileType = undefined; includeInIndex = 0; };
/* End PBXFileReference section */

/* Begin PBXFrameworksBuildPhase section */
		13B07F8C1A680F5B00A75B9A /* Frameworks */ = {
			isa = PBXFrameworksBuildPhase;
			buildActionMask = 2147483647;
			files = (
				0C80B921A6F3F58F76C31292 /* libPods-DevDeckApp.a in Frameworks */,
			);
			runOnlyForDeploymentPostprocessing = 0;
		};
/* End PBXFrameworksBuildPhase section */

/* Begin PBXGroup section */
		13B07FAE1A68108700A75B9A /* DevDeckApp */ = {
			isa = PBXGroup;
			children = (
				13B07FB51A68108700A75B9A /* Images.xcassets */,
				761780EC2CA45674006654EE /* AppDelegate.swift */,
				13B07FB61A68108700A75B9A /* Info.plist */,
				81AB9BB72411601600AC10FF /* LaunchScreen.storyboard */,
				13B07FB81A68108700A75B9A /* PrivacyInfo.xcprivacy */,
			);
			name = DevDeckApp;
			sourceTree = "<group>";
		};
		2D16E6871FA4F8E400B85C8A /* Frameworks */ = {
			isa = PBXGroup;
			children = (
				ED297162215061F000B7C4FE /* JavaScriptCore.framework */,
				5DCACB8F33CDC322A6C60F78 /* libPods-DevDeckApp.a */,
			);
			name = Frameworks;
			sourceTree = "<group>";
		};
		832341AE1AAA6A7D00B99B32 /* Libraries */ = {
			isa = PBXGroup;
			children = (
			);
			name = Libraries;
			sourceTree = "<group>";
		};
		83CBB9F61A601CBA00E9B192 = {
			isa = PBXGroup;
			children = (
				13B07FAE1A68108700A75B9A /* DevDeckApp */,
				832341AE1AAA6A7D00B99B32 /* Libraries */,
				83CBBA001A601CBA00E9B192 /* Products */,
				2D16E6871FA4F8E400B85C8A /* Frameworks */,
				BBD78D7AC51CEA395F1C20DB /* Pods */,
				BB6B52926A8D47EB91A9C4C7 /* Resources */,
			);
			indentWidth = 2;
			sourceTree = "<group>";
			tabWidth = 2;
			usesTabs = 0;
		};
		83CBBA001A601CBA00E9B192 /* Products */ = {
			isa = PBXGroup;
			children = (
				13B07F961A680F5B00A75B9A /* DevDeckApp.app */,
			);
			name = Products;
			sourceTree = "<group>";
		};
		BBD78D7AC51CEA395F1C20DB /* Pods */ = {
			isa = PBXGroup;
			children = (
				3B4392A12AC88292D35C810B /* Pods-DevDeckApp.debug.xcconfig */,
				5709B34CF0A7D63546082F79 /* Pods-DevDeckApp.release.xcconfig */,
			);
			path = Pods;
			sourceTree = "<group>";
		};
		BB6B52926A8D47EB91A9C4C7 /* Resources */ = {
			isa = "PBXGroup";
			children = (
				8C27CE0B9D3B4B94B9136FBB /* JetBrainsMono-Thin.ttf */,
				DD88BC79E95248D298AB2F17 /* JetBrainsMono-Bold.ttf */,
				51BB63D39ACB45D982E8EF2C /* JetBrainsMono-Italic.ttf */,
				BEAC37C443D84256BCFBB318 /* JetBrainsMono-LightItalic.ttf */,
				9F512D933E7E44A2AFF0EA5F /* JetBrainsMono-Regular.ttf */,
				1D1891B50D764B5DB0F80D3F /* JetBrainsMono-ExtraLightItalic.ttf */,
				A18D155B0D8B4B65994FE225 /* JetBrainsMono-SemiBoldItalic.ttf */,
				D90A1318BD6A42019188AD18 /* JetBrainsMono-Light.ttf */,
				59FE45972FFA49EAA14ACD7D /* JetBrainsMono-MediumItalic.ttf */,
				BD88013821204B7A820B8CA7 /* JetBrainsMono-ExtraBold.ttf */,
				EEFA16C438144066ABBC0536 /* JetBrainsMono-SemiBold.ttf */,
				1ABF633104664EFB84661BA6 /* JetBrainsMono-ExtraBoldItalic.ttf */,
				1E7006FD45E54F459C612057 /* JetBrainsMono-ThinItalic.ttf */,
				A7AA3DDF61C74A75B5D1E634 /* JetBrainsMono-ExtraLight.ttf */,
				E8041BE5FA304A4390C83595 /* JetBrainsMono-Medium.ttf */,
				84CF74B9F9C14AE6BD6417E5 /* JetBrainsMono-BoldItalic.ttf */,
				DF1C416F51C643F2A7FEF29B /* ._Geist-UltraLight.ttf */,
				BA568B3EA25642D89F348F52 /* Geist-Regular.ttf */,
				D48AE9CE7A244260877D78ED /* ._Geist-Thin.ttf */,
				39A4FB2A8E8742D7898F7AA5 /* ._Geist-Bold.ttf */,
				E4EC92F0AA6147BFB3925EE6 /* Geist-Black.ttf */,
				078DFB3B116642D881293D46 /* ._Geist-Regular.ttf */,
				703B32089757440698C7C669 /* ._GeistVF.ttf */,
				C4C9210A6C194348BA1956A0 /* Geist-Bold.ttf */,
				103C75CBE1154EFFBF76CA13 /* ._Geist-Medium.ttf */,
				1A943C7C9A2F4B45B356F168 /* ._Geist-Light.ttf */,
				C8736DF3FF624B029A5A1A42 /* ._Geist-SemiBold.ttf */,
				DFF0155BA068433BAB44972C /* Geist-UltraLight.ttf */,
				4DBE1B19669B4085B71D3501 /* Geist-Thin.ttf */,
				10985EB63AFE4A70A76C97E1 /* Geist-Medium.ttf */,
				1FBC3E75E18C4B4CBC4135FB /* GeistVF.ttf */,
				BD11223165EE4B56B069452C /* Geist-UltraBlack.ttf */,
				E0662DBC2DEC4A47AA5D7F80 /* ._Geist-Black.ttf */,
				44C135C5E693492EAE197558 /* Geist-Light.ttf */,
				92A90184A07A4939A7772E39 /* Geist-SemiBold.ttf */,
				318787611C0D419993FFFBF0 /* ._Geist-UltraBlack.ttf */,
			);
			name = Resources;
			sourceTree = "<group>";
			path = "";
		};
/* End PBXGroup section */

/* Begin PBXNativeTarget section */
		13B07F861A680F5B00A75B9A /* DevDeckApp */ = {
			isa = PBXNativeTarget;
			buildConfigurationList = 13B07F931A680F5B00A75B9A /* Build configuration list for PBXNativeTarget "DevDeckApp" */;
			buildPhases = (
				C38B50BA6285516D6DCD4F65 /* [CP] Check Pods Manifest.lock */,
				13B07F871A680F5B00A75B9A /* Sources */,
				13B07F8C1A680F5B00A75B9A /* Frameworks */,
				13B07F8E1A680F5B00A75B9A /* Resources */,
				00DD1BFF1BD5951E006B06BC /* Bundle React Native code and images */,
				00EEFC60759A1932668264C0 /* [CP] Embed Pods Frameworks */,
				E235C05ADACE081382539298 /* [CP] Copy Pods Resources */,
			);
			buildRules = (
			);
			dependencies = (
			);
			name = DevDeckApp;
			productName = DevDeckApp;
			productReference = 13B07F961A680F5B00A75B9A /* DevDeckApp.app */;
			productType = "com.apple.product-type.application";
		};
/* End PBXNativeTarget section */

/* Begin PBXProject section */
		83CBB9F71A601CBA00E9B192 /* Project object */ = {
			isa = PBXProject;
			attributes = {
				LastUpgradeCheck = 1210;
				TargetAttributes = {
					13B07F861A680F5B00A75B9A = {
						LastSwiftMigration = 1120;
					};
				};
			};
			buildConfigurationList = 83CBB9FA1A601CBA00E9B192 /* Build configuration list for PBXProject "DevDeckApp" */;
			compatibilityVersion = "Xcode 12.0";
			developmentRegion = en;
			hasScannedForEncodings = 0;
			knownRegions = (
				en,
				Base,
			);
			mainGroup = 83CBB9F61A601CBA00E9B192;
			productRefGroup = 83CBBA001A601CBA00E9B192 /* Products */;
			projectDirPath = "";
			projectRoot = "";
			targets = (
				13B07F861A680F5B00A75B9A /* DevDeckApp */,
			);
		};
/* End PBXProject section */

/* Begin PBXResourcesBuildPhase section */
		13B07F8E1A680F5B00A75B9A /* Resources */ = {
			isa = PBXResourcesBuildPhase;
			buildActionMask = 2147483647;
			files = (
				81AB9BB82411601600AC10FF /* LaunchScreen.storyboard in Resources */,
				13B07FBF1A68108700A75B9A /* Images.xcassets in Resources */,
				6E9364DCF28A475385268F50 /* JetBrainsMono-Thin.ttf in Resources */,
				44A709AAD9B648088BB6DF95 /* JetBrainsMono-Bold.ttf in Resources */,
				2EBC4207543848FEBA59504D /* JetBrainsMono-Italic.ttf in Resources */,
				729589E4A67B410581BB6F4B /* JetBrainsMono-LightItalic.ttf in Resources */,
				22F5A179D44E41E392DE3E26 /* JetBrainsMono-Regular.ttf in Resources */,
				91D03997E88D4A60ACD61DFC /* JetBrainsMono-ExtraLightItalic.ttf in Resources */,
				98A814DEA08C4A2EA19EF16C /* JetBrainsMono-SemiBoldItalic.ttf in Resources */,
				B58FD16B03AB41B7858AC4D0 /* JetBrainsMono-Light.ttf in Resources */,
				3A96A2E2E7444505BEC227B4 /* JetBrainsMono-MediumItalic.ttf in Resources */,
				D15CA01A343E4E44A35D23DB /* JetBrainsMono-ExtraBold.ttf in Resources */,
				2C3F9805EF154E7DBD67597F /* JetBrainsMono-SemiBold.ttf in Resources */,
				20E6DFC8C2F84318B281801D /* JetBrainsMono-ExtraBoldItalic.ttf in Resources */,
				6EE3407D0B3B44C38E59DC14 /* JetBrainsMono-ThinItalic.ttf in Resources */,
				D4404AF8036B4A11ABC50C2B /* JetBrainsMono-ExtraLight.ttf in Resources */,
				B4420386232A48BBBA9F2763 /* JetBrainsMono-Medium.ttf in Resources */,
				4B5EE35829DE487AA8522158 /* JetBrainsMono-BoldItalic.ttf in Resources */,
				813DFBA011C149799ECBF592 /* ._Geist-UltraLight.ttf in Resources */,
				DD640C491DE741F8A4B90343 /* Geist-Regular.ttf in Resources */,
				09781868D8C847ECBFFE44A2 /* ._Geist-Thin.ttf in Resources */,
				FB55CA56199E45EA82A0289B /* ._Geist-Bold.ttf in Resources */,
				E0E6A35872B74DD89D6EC606 /* Geist-Black.ttf in Resources */,
				DC179F9A5F694709B54E1FE6 /* ._Geist-Regular.ttf in Resources */,
				CF9670DA6FAD45DF864251CB /* ._GeistVF.ttf in Resources */,
				FC6565EF9B2D419890DC70FB /* Geist-Bold.ttf in Resources */,
				314BC54EBD13496D85E64E82 /* ._Geist-Medium.ttf in Resources */,
				C3BAEBBB878740719B43BAE1 /* ._Geist-Light.ttf in Resources */,
				862DFCDC40CB44E4813892C9 /* ._Geist-SemiBold.ttf in Resources */,
				B14E03EF2DC64D1B9481FCBF /* Geist-UltraLight.ttf in Resources */,
				AC5108D379C04BBF91F36FDB /* Geist-Thin.ttf in Resources */,
				C347048716FB483A97B9CECD /* Geist-Medium.ttf in Resources */,
				E785F143E7914ACC9D73CE52 /* GeistVF.ttf in Resources */,
				4AE2E0C10E184A3F83AFFA10 /* Geist-UltraBlack.ttf in Resources */,
				3DEBB7D4AC9D4C1693048FD5 /* ._Geist-Black.ttf in Resources */,
				1FDACA8D40BE4D3B814D1286 /* Geist-Light.ttf in Resources */,
				F07D5D3B718A433BB7453E75 /* Geist-SemiBold.ttf in Resources */,
				D92AF2AEC6004BF781DCBEAB /* ._Geist-UltraBlack.ttf in Resources */,
			);
			runOnlyForDeploymentPostprocessing = 0;
		};
/* End PBXResourcesBuildPhase section */

/* Begin PBXShellScriptBuildPhase section */
		00DD1BFF1BD5951E006B06BC /* Bundle React Native code and images */ = {
			isa = PBXShellScriptBuildPhase;
			buildActionMask = 2147483647;
			files = (
			);
			inputPaths = (
				"$(SRCROOT)/.xcode.env.local",
				"$(SRCROOT)/.xcode.env",
			);
			name = "Bundle React Native code and images";
			outputPaths = (
			);
			runOnlyForDeploymentPostprocessing = 0;
			shellPath = /bin/sh;
			shellScript = "set -e\n\nWITH_ENVIRONMENT=\"$REACT_NATIVE_PATH/scripts/xcode/with-environment.sh\"\nREACT_NATIVE_XCODE=\"$REACT_NATIVE_PATH/scripts/react-native-xcode.sh\"\n\n/bin/sh -c \"\\\"$WITH_ENVIRONMENT\\\" \\\"$REACT_NATIVE_XCODE\\\"\"\n";
		};
		00EEFC60759A1932668264C0 /* [CP] Embed Pods Frameworks */ = {
			isa = PBXShellScriptBuildPhase;
			buildActionMask = 2147483647;
			files = (
			);
			inputFileListPaths = (
				"${PODS_ROOT}/Target Support Files/Pods-DevDeckApp/Pods-DevDeckApp-frameworks-${CONFIGURATION}-input-files.xcfilelist",
			);
			name = "[CP] Embed Pods Frameworks";
			outputFileListPaths = (
				"${PODS_ROOT}/Target Support Files/Pods-DevDeckApp/Pods-DevDeckApp-frameworks-${CONFIGURATION}-output-files.xcfilelist",
			);
			runOnlyForDeploymentPostprocessing = 0;
			shellPath = /bin/sh;
			shellScript = "\"${PODS_ROOT}/Target Support Files/Pods-DevDeckApp/Pods-DevDeckApp-frameworks.sh\"\n";
			showEnvVarsInLog = 0;
		};
		C38B50BA6285516D6DCD4F65 /* [CP] Check Pods Manifest.lock */ = {
			isa = PBXShellScriptBuildPhase;
			buildActionMask = 2147483647;
			files = (
			);
			inputFileListPaths = (
			);
			inputPaths = (
				"${PODS_PODFILE_DIR_PATH}/Podfile.lock",
				"${PODS_ROOT}/Manifest.lock",
			);
			name = "[CP] Check Pods Manifest.lock";
			outputFileListPaths = (
			);
			outputPaths = (
				"$(DERIVED_FILE_DIR)/Pods-DevDeckApp-checkManifestLockResult.txt",
			);
			runOnlyForDeploymentPostprocessing = 0;
			shellPath = /bin/sh;
			shellScript = "diff \"${PODS_PODFILE_DIR_PATH}/Podfile.lock\" \"${PODS_ROOT}/Manifest.lock\" > /dev/null\nif [ $? != 0 ] ; then\n    # print error to STDERR\n    echo \"error: The sandbox is not in sync with the Podfile.lock. Run 'pod install' or update your CocoaPods installation.\" >&2\n    exit 1\nfi\n# This output is used by Xcode 'outputs' to avoid re-running this script phase.\necho \"SUCCESS\" > \"${SCRIPT_OUTPUT_FILE_0}\"\n";
			showEnvVarsInLog = 0;
		};
		E235C05ADACE081382539298 /* [CP] Copy Pods Resources */ = {
			isa = PBXShellScriptBuildPhase;
			buildActionMask = 2147483647;
			files = (
			);
			inputFileListPaths = (
				"${PODS_ROOT}/Target Support Files/Pods-DevDeckApp/Pods-DevDeckApp-resources-${CONFIGURATION}-input-files.xcfilelist",
			);
			name = "[CP] Copy Pods Resources";
			outputFileListPaths = (
				"${PODS_ROOT}/Target Support Files/Pods-DevDeckApp/Pods-DevDeckApp-resources-${CONFIGURATION}-output-files.xcfilelist",
			);
			runOnlyForDeploymentPostprocessing = 0;
			shellPath = /bin/sh;
			shellScript = "\"${PODS_ROOT}/Target Support Files/Pods-DevDeckApp/Pods-DevDeckApp-resources.sh\"\n";
			showEnvVarsInLog = 0;
		};
/* End PBXShellScriptBuildPhase section */

/* Begin PBXSourcesBuildPhase section */
		13B07F871A680F5B00A75B9A /* Sources */ = {
			isa = PBXSourcesBuildPhase;
			buildActionMask = 2147483647;
			files = (
				761780ED2CA45674006654EE /* AppDelegate.swift in Sources */,
			);
			runOnlyForDeploymentPostprocessing = 0;
		};
/* End PBXSourcesBuildPhase section */

/* Begin XCBuildConfiguration section */
		13B07F941A680F5B00A75B9A /* Debug */ = {
			isa = XCBuildConfiguration;
			baseConfigurationReference = 3B4392A12AC88292D35C810B /* Pods-DevDeckApp.debug.xcconfig */;
			buildSettings = {
				ASSETCATALOG_COMPILER_APPICON_NAME = AppIcon;
				CLANG_ENABLE_MODULES = YES;
				CURRENT_PROJECT_VERSION = 1;
				ENABLE_BITCODE = NO;
				INFOPLIST_FILE = DevDeckApp/Info.plist;
				IPHONEOS_DEPLOYMENT_TARGET = 15.1;
				LD_RUNPATH_SEARCH_PATHS = (
					"$(inherited)",
					"@executable_path/Frameworks",
				);
				MARKETING_VERSION = 1.0;
				OTHER_LDFLAGS = (
					"$(inherited)",
					"-ObjC",
					"-lc++",
				);
				PRODUCT_BUNDLE_IDENTIFIER = "org.reactjs.native.example.$(PRODUCT_NAME:rfc1034identifier)";
				PRODUCT_NAME = DevDeckApp;
				SUPPORTED_PLATFORMS = "iphoneos iphonesimulator";
				SWIFT_OPTIMIZATION_LEVEL = "-Onone";
				SWIFT_VERSION = 5.0;
				TARGETED_DEVICE_FAMILY = "1,2";
				VERSIONING_SYSTEM = "apple-generic";
			};
			name = Debug;
		};
		13B07F951A680F5B00A75B9A /* Release */ = {
			isa = XCBuildConfiguration;
			baseConfigurationReference = 5709B34CF0A7D63546082F79 /* Pods-DevDeckApp.release.xcconfig */;
			buildSettings = {
				ASSETCATALOG_COMPILER_APPICON_NAME = AppIcon;
				CLANG_ENABLE_MODULES = YES;
				CURRENT_PROJECT_VERSION = 1;
				INFOPLIST_FILE = DevDeckApp/Info.plist;
				IPHONEOS_DEPLOYMENT_TARGET = 15.1;
				LD_RUNPATH_SEARCH_PATHS = (
					"$(inherited)",
					"@executable_path/Frameworks",
				);
				MARKETING_VERSION = 1.0;
				OTHER_LDFLAGS = (
					"$(inherited)",
					"-ObjC",
					"-lc++",
				);
				PRODUCT_BUNDLE_IDENTIFIER = "org.reactjs.native.example.$(PRODUCT_NAME:rfc1034identifier)";
				PRODUCT_NAME = DevDeckApp;
				SUPPORTED_PLATFORMS = "iphoneos iphonesimulator";
				SWIFT_VERSION = 5.0;
				TARGETED_DEVICE_FAMILY = "1,2";
				VERSIONING_SYSTEM = "apple-generic";
			};
			name = Release;
		};
		83CBBA201A601CBA00E9B192 /* Debug */ = {
			isa = XCBuildConfiguration;
			buildSettings = {
				ALWAYS_SEARCH_USER_PATHS = NO;
				CLANG_ANALYZER_LOCALIZABILITY_NONLOCALIZED = YES;
				CLANG_CXX_LANGUAGE_STANDARD = "c++20";
				CLANG_CXX_LIBRARY = "libc++";
				CLANG_ENABLE_MODULES = YES;
				CLANG_ENABLE_OBJC_ARC = YES;
				CLANG_WARN_BLOCK_CAPTURE_AUTORELEASING = YES;
				CLANG_WARN_BOOL_CONVERSION = YES;
				CLANG_WARN_COMMA = YES;
				CLANG_WARN_CONSTANT_CONVERSION = YES;
				CLANG_WARN_DEPRECATED_OBJC_IMPLEMENTATIONS = YES;
				CLANG_WARN_DIRECT_OBJC_ISA_USAGE = YES_ERROR;
				CLANG_WARN_EMPTY_BODY = YES;
				CLANG_WARN_ENUM_CONVERSION = YES;
				CLANG_WARN_INFINITE_RECURSION = YES;
				CLANG_WARN_INT_CONVERSION = YES;
				CLANG_WARN_NON_LITERAL_NULL_CONVERSION = YES;
				CLANG_WARN_OBJC_IMPLICIT_RETAIN_SELF = YES;
				CLANG_WARN_OBJC_LITERAL_CONVERSION = YES;
				CLANG_WARN_OBJC_ROOT_CLASS = YES_ERROR;
				CLANG_WARN_QUOTED_INCLUDE_IN_FRAMEWORK_HEADER = YES;
				CLANG_WARN_RANGE_LOOP_ANALYSIS = YES;
				CLANG_WARN_STRICT_PROTOTYPES = YES;
				CLANG_WARN_SUSPICIOUS_MOVE = YES;
				CLANG_WARN_UNREACHABLE_CODE = YES;
				CLANG_WARN__DUPLICATE_METHOD_MATCH = YES;
				"CODE_SIGN_IDENTITY[sdk=iphoneos*]" = "iPhone Developer";
				COPY_PHASE_STRIP = NO;
				ENABLE_STRICT_OBJC_MSGSEND = YES;
				ENABLE_TESTABILITY = YES;
				"EXCLUDED_ARCHS[sdk=iphonesimulator*]" = "";
				GCC_C_LANGUAGE_STANDARD = gnu99;
				GCC_DYNAMIC_NO_PIC = NO;
				GCC_NO_COMMON_BLOCKS = YES;
				GCC_OPTIMIZATION_LEVEL = 0;
				GCC_PREPROCESSOR_DEFINITIONS = (
					"DEBUG=1",
					"$(inherited)",
				);
				GCC_SYMBOLS_PRIVATE_EXTERN = NO;
				GCC_WARN_64_TO_32_BIT_CONVERSION = YES;
				GCC_WARN_ABOUT_RETURN_TYPE = YES_ERROR;
				GCC_WARN_UNDECLARED_SELECTOR = YES;
				GCC_WARN_UNINITIALIZED_AUTOS = YES_AGGRESSIVE;
				GCC_WARN_UNUSED_FUNCTION = YES;
				GCC_WARN_UNUSED_VARIABLE = YES;
				IPHONEOS_DEPLOYMENT_TARGET = 15.1;
				LD_RUNPATH_SEARCH_PATHS = (
					/usr/lib/swift,
					"$(inherited)",
				);
				LIBRARY_SEARCH_PATHS = (
					"\"$(SDKROOT)/usr/lib/swift\"",
					"\"$(TOOLCHAIN_DIR)/usr/lib/swift/$(PLATFORM_NAME)\"",
					"\"$(inherited)\"",
				);
				MTL_ENABLE_DEBUG_INFO = YES;
				ONLY_ACTIVE_ARCH = YES;
				OTHER_CPLUSPLUSFLAGS = (
					"$(OTHER_CFLAGS)",
					"-DFOLLY_NO_CONFIG",
					"-DFOLLY_MOBILE=1",
					"-DFOLLY_USE_LIBCPP=1",
					"-DFOLLY_CFG_NO_COROUTINES=1",
					"-DFOLLY_HAVE_CLOCK_GETTIME=1",
				);
				SDKROOT = iphoneos;
			};
			name = Debug;
		};
		83CBBA211A601CBA00E9B192 /* Release */ = {
			isa = XCBuildConfiguration;
			buildSettings = {
				ALWAYS_SEARCH_USER_PATHS = NO;
				CLANG_ANALYZER_LOCALIZABILITY_NONLOCALIZED = YES;
				CLANG_CXX_LANGUAGE_STANDARD = "c++20";
				CLANG_CXX_LIBRARY = "libc++";
				CLANG_ENABLE_MODULES = YES;
				CLANG_ENABLE_OBJC_ARC = YES;
				CLANG_WARN_BLOCK_CAPTURE_AUTORELEASING = YES;
				CLANG_WARN_BOOL_CONVERSION = YES;
				CLANG_WARN_COMMA = YES;
				CLANG_WARN_CONSTANT_CONVERSION = YES;
				CLANG_WARN_DEPRECATED_OBJC_IMPLEMENTATIONS = YES;
				CLANG_WARN_DIRECT_OBJC_ISA_USAGE = YES_ERROR;
				CLANG_WARN_EMPTY_BODY = YES;
				CLANG_WARN_ENUM_CONVERSION = YES;
				CLANG_WARN_INFINITE_RECURSION = YES;
				CLANG_WARN_INT_CONVERSION = YES;
				CLANG_WARN_NON_LITERAL_NULL_CONVERSION = YES;
				CLANG_WARN_OBJC_IMPLICIT_RETAIN_SELF = YES;
				CLANG_WARN_OBJC_LITERAL_CONVERSION = YES;
				CLANG_WARN_OBJC_ROOT_CLASS = YES_ERROR;
				CLANG_WARN_QUOTED_INCLUDE_IN_FRAMEWORK_HEADER = YES;
				CLANG_WARN_RANGE_LOOP_ANALYSIS = YES;
				CLANG_WARN_STRICT_PROTOTYPES = YES;
				CLANG_WARN_SUSPICIOUS_MOVE = YES;
				CLANG_WARN_UNREACHABLE_CODE = YES;
				CLANG_WARN__DUPLICATE_METHOD_MATCH = YES;
				"CODE_SIGN_IDENTITY[sdk=iphoneos*]" = "iPhone Developer";
				COPY_PHASE_STRIP = YES;
				ENABLE_NS_ASSERTIONS = NO;
				ENABLE_STRICT_OBJC_MSGSEND = YES;
				"EXCLUDED_ARCHS[sdk=iphonesimulator*]" = "";
				GCC_C_LANGUAGE_STANDARD = gnu99;
				GCC_NO_COMMON_BLOCKS = YES;
				GCC_WARN_64_TO_32_BIT_CONVERSION = YES;
				GCC_WARN_ABOUT_RETURN_TYPE = YES_ERROR;
				GCC_WARN_UNDECLARED_SELECTOR = YES;
				GCC_WARN_UNINITIALIZED_AUTOS = YES_AGGRESSIVE;
				GCC_WARN_UNUSED_FUNCTION = YES;
				GCC_WARN_UNUSED_VARIABLE = YES;
				IPHONEOS_DEPLOYMENT_TARGET = 15.1;
				LD_RUNPATH_SEARCH_PATHS = (
					/usr/lib/swift,
					"$(inherited)",
				);
				LIBRARY_SEARCH_PATHS = (
					"\"$(SDKROOT)/usr/lib/swift\"",
					"\"$(TOOLCHAIN_DIR)/usr/lib/swift/$(PLATFORM_NAME)\"",
					"\"$(inherited)\"",
				);
				MTL_ENABLE_DEBUG_INFO = NO;
				OTHER_CPLUSPLUSFLAGS = (
					"$(OTHER_CFLAGS)",
					"-DFOLLY_NO_CONFIG",
					"-DFOLLY_MOBILE=1",
					"-DFOLLY_USE_LIBCPP=1",
					"-DFOLLY_CFG_NO_COROUTINES=1",
					"-DFOLLY_HAVE_CLOCK_GETTIME=1",
				);
				SDKROOT = iphoneos;
				VALIDATE_PRODUCT = YES;
			};
			name = Release;
		};
/* End XCBuildConfiguration section */

/* Begin XCConfigurationList section */
		13B07F931A680F5B00A75B9A /* Build configuration list for PBXNativeTarget "DevDeckApp" */ = {
			isa = XCConfigurationList;
			buildConfigurations = (
				13B07F941A680F5B00A75B9A /* Debug */,
				13B07F951A680F5B00A75B9A /* Release */,
			);
			defaultConfigurationIsVisible = 0;
			defaultConfigurationName = Release;
		};
		83CBB9FA1A601CBA00E9B192 /* Build configuration list for PBXProject "DevDeckApp" */ = {
			isa = XCConfigurationList;
			buildConfigurations = (
				83CBBA201A601CBA00E9B192 /* Debug */,
				83CBBA211A601CBA00E9B192 /* Release */,
			);
			defaultConfigurationIsVisible = 0;
			defaultConfigurationName = Release;
		};
/* End XCConfigurationList section */
	};
	rootObject = 83CBB9F71A601CBA00E9B192 /* Project object */;
}
